// !$*UTF8*$!
{
	archiveVersion = 1;
	classes = {
	};
	objectVersion = 50;
	objects = {

/* Begin PBXBuildFile section */
		10239F3F95B21E175692700C /* libPods-FlixsterUITests.a in Frameworks */ = {isa = PBXBuildFile; fileRef = 9D3B97F1E4FCA642AFF213A2 /* libPods-FlixsterUITests.a */; };
		3BC369D454BBA848B6EBDB44 /* libPods-Flixster.a in Frameworks */ = {isa = PBXBuildFile; fileRef = 8213F87909A7585B00ADC715 /* libPods-Flixster.a */; };
		5354CEF320E4148100326AD9 /* MoviesViewController.m in Sources */ = {isa = PBXBuildFile; fileRef = 5354CEF220E4148100326AD9 /* MoviesViewController.m */; };
		5354CEF920E45CA600326AD9 /* MovieCell.m in Sources */ = {isa = PBXBuildFile; fileRef = 5354CEF820E45CA600326AD9 /* MovieCell.m */; };
		5354CEFC20E49F5600326AD9 /* DetailsViewController.m in Sources */ = {isa = PBXBuildFile; fileRef = 5354CEFB20E49F5600326AD9 /* DetailsViewController.m */; };
		5354CEFF20E55B3A00326AD9 /* MoviesGridViewController.m in Sources */ = {isa = PBXBuildFile; fileRef = 5354CEFE20E55B3A00326AD9 /* MoviesGridViewController.m */; };
		5354CF0220E55F1800326AD9 /* MovieCollectionCell.m in Sources */ = {isa = PBXBuildFile; fileRef = 5354CF0120E55F1800326AD9 /* MovieCollectionCell.m */; };
		5354CF0520E5A01A00326AD9 /* TrailerViewController.m in Sources */ = {isa = PBXBuildFile; fileRef = 5354CF0420E5A01A00326AD9 /* TrailerViewController.m */; };
		5354CF0820E6DC4A00326AD9 /* DisneyGridViewController.m in Sources */ = {isa = PBXBuildFile; fileRef = 5354CF0720E6DC4A00326AD9 /* DisneyGridViewController.m */; };
		5354CF0E20E6E2FF00326AD9 /* DisneyCollectionCell.m in Sources */ = {isa = PBXBuildFile; fileRef = 5354CF0D20E6E2FF00326AD9 /* DisneyCollectionCell.m */; };
		538EB08E20E409F400AAD2C3 /* AppDelegate.m in Sources */ = {isa = PBXBuildFile; fileRef = 538EB08D20E409F400AAD2C3 /* AppDelegate.m */; };
		538EB09420E409F400AAD2C3 /* Main.storyboard in Resources */ = {isa = PBXBuildFile; fileRef = 538EB09220E409F400AAD2C3 /* Main.storyboard */; };
		538EB09620E409F400AAD2C3 /* Assets.xcassets in Resources */ = {isa = PBXBuildFile; fileRef = 538EB09520E409F400AAD2C3 /* Assets.xcassets */; };
		538EB09920E409F400AAD2C3 /* LaunchScreen.storyboard in Resources */ = {isa = PBXBuildFile; fileRef = 538EB09720E409F400AAD2C3 /* LaunchScreen.storyboard */; };
		538EB09C20E409F400AAD2C3 /* main.m in Sources */ = {isa = PBXBuildFile; fileRef = 538EB09B20E409F400AAD2C3 /* main.m */; };
		538EB0A620E409F500AAD2C3 /* FlixsterTests.m in Sources */ = {isa = PBXBuildFile; fileRef = 538EB0A520E409F500AAD2C3 /* FlixsterTests.m */; };
		538EB0B120E409F500AAD2C3 /* FlixsterUITests.m in Sources */ = {isa = PBXBuildFile; fileRef = 538EB0B020E409F500AAD2C3 /* FlixsterUITests.m */; };
		8AE56B983AAFED7410947D05 /* libPods-FlixsterTests.a in Frameworks */ = {isa = PBXBuildFile; fileRef = 1AFEDD2D0273574B238D0559 /* libPods-FlixsterTests.a */; };
/* End PBXBuildFile section */

/* Begin PBXContainerItemProxy section */
		538EB0A220E409F500AAD2C3 /* PBXContainerItemProxy */ = {
			isa = PBXContainerItemProxy;
			containerPortal = 538EB08120E409F300AAD2C3 /* Project object */;
			proxyType = 1;
			remoteGlobalIDString = 538EB08820E409F300AAD2C3;
			remoteInfo = Flixster;
		};
		538EB0AD20E409F500AAD2C3 /* PBXContainerItemProxy */ = {
			isa = PBXContainerItemProxy;
			containerPortal = 538EB08120E409F300AAD2C3 /* Project object */;
			proxyType = 1;
			remoteGlobalIDString = 538EB08820E409F300AAD2C3;
			remoteInfo = Flixster;
		};
/* End PBXContainerItemProxy section */

/* Begin PBXFileReference section */
		1AFEDD2D0273574B238D0559 /* libPods-FlixsterTests.a */ = {isa = PBXFileReference; explicitFileType = archive.ar; includeInIndex = 0; path = "libPods-FlixsterTests.a"; sourceTree = BUILT_PRODUCTS_DIR; };
		517EE43874B29A0444F49FB4 /* Pods-FlixsterTests.debug.xcconfig */ = {isa = PBXFileReference; includeInIndex = 1; lastKnownFileType = text.xcconfig; name = "Pods-FlixsterTests.debug.xcconfig"; path = "Pods/Target Support Files/Pods-FlixsterTests/Pods-FlixsterTests.debug.xcconfig"; sourceTree = "<group>"; };
		5354CEF120E4148100326AD9 /* MoviesViewController.h */ = {isa = PBXFileReference; lastKnownFileType = sourcecode.c.h; path = MoviesViewController.h; sourceTree = "<group>"; };
		5354CEF220E4148100326AD9 /* MoviesViewController.m */ = {isa = PBXFileReference; lastKnownFileType = sourcecode.c.objc; path = MoviesViewController.m; sourceTree = "<group>"; };
		5354CEF720E45CA600326AD9 /* MovieCell.h */ = {isa = PBXFileReference; lastKnownFileType = sourcecode.c.h; path = MovieCell.h; sourceTree = "<group>"; };
		5354CEF820E45CA600326AD9 /* MovieCell.m */ = {isa = PBXFileReference; lastKnownFileType = sourcecode.c.objc; path = MovieCell.m; sourceTree = "<group>"; };
		5354CEFA20E49F5600326AD9 /* DetailsViewController.h */ = {isa = PBXFileReference; lastKnownFileType = sourcecode.c.h; path = DetailsViewController.h; sourceTree = "<group>"; };
		5354CEFB20E49F5600326AD9 /* DetailsViewController.m */ = {isa = PBXFileReference; lastKnownFileType = sourcecode.c.objc; path = DetailsViewController.m; sourceTree = "<group>"; };
		5354CEFD20E55B3A00326AD9 /* MoviesGridViewController.h */ = {isa = PBXFileReference; lastKnownFileType = sourcecode.c.h; path = MoviesGridViewController.h; sourceTree = "<group>"; };
		5354CEFE20E55B3A00326AD9 /* MoviesGridViewController.m */ = {isa = PBXFileReference; lastKnownFileType = sourcecode.c.objc; path = MoviesGridViewController.m; sourceTree = "<group>"; };
		5354CF0020E55F1800326AD9 /* MovieCollectionCell.h */ = {isa = PBXFileReference; lastKnownFileType = sourcecode.c.h; path = MovieCollectionCell.h; sourceTree = "<group>"; };
		5354CF0120E55F1800326AD9 /* MovieCollectionCell.m */ = {isa = PBXFileReference; lastKnownFileType = sourcecode.c.objc; path = MovieCollectionCell.m; sourceTree = "<group>"; };
		5354CF0320E5A01A00326AD9 /* TrailerViewController.h */ = {isa = PBXFileReference; lastKnownFileType = sourcecode.c.h; path = TrailerViewController.h; sourceTree = "<group>"; };
		5354CF0420E5A01A00326AD9 /* TrailerViewController.m */ = {isa = PBXFileReference; lastKnownFileType = sourcecode.c.objc; path = TrailerViewController.m; sourceTree = "<group>"; };
		5354CF0620E6DC4A00326AD9 /* DisneyGridViewController.h */ = {isa = PBXFileReference; lastKnownFileType = sourcecode.c.h; path = DisneyGridViewController.h; sourceTree = "<group>"; };
		5354CF0720E6DC4A00326AD9 /* DisneyGridViewController.m */ = {isa = PBXFileReference; lastKnownFileType = sourcecode.c.objc; path = DisneyGridViewController.m; sourceTree = "<group>"; };
		5354CF0C20E6E2FF00326AD9 /* DisneyCollectionCell.h */ = {isa = PBXFileReference; lastKnownFileType = sourcecode.c.h; path = DisneyCollectionCell.h; sourceTree = "<group>"; };
		5354CF0D20E6E2FF00326AD9 /* DisneyCollectionCell.m */ = {isa = PBXFileReference; lastKnownFileType = sourcecode.c.objc; path = DisneyCollectionCell.m; sourceTree = "<group>"; };
		538EB08920E409F300AAD2C3 /* Flixster.app */ = {isa = PBXFileReference; explicitFileType = wrapper.application; includeInIndex = 0; path = Flixster.app; sourceTree = BUILT_PRODUCTS_DIR; };
		538EB08C20E409F300AAD2C3 /* AppDelegate.h */ = {isa = PBXFileReference; lastKnownFileType = sourcecode.c.h; path = AppDelegate.h; sourceTree = "<group>"; };
		538EB08D20E409F400AAD2C3 /* AppDelegate.m */ = {isa = PBXFileReference; lastKnownFileType = sourcecode.c.objc; path = AppDelegate.m; sourceTree = "<group>"; };
		538EB09320E409F400AAD2C3 /* Base */ = {isa = PBXFileReference; lastKnownFileType = file.storyboard; name = Base; path = Base.lproj/Main.storyboard; sourceTree = "<group>"; };
		538EB09520E409F400AAD2C3 /* Assets.xcassets */ = {isa = PBXFileReference; lastKnownFileType = folder.assetcatalog; path = Assets.xcassets; sourceTree = "<group>"; };
		538EB09820E409F400AAD2C3 /* Base */ = {isa = PBXFileReference; lastKnownFileType = file.storyboard; name = Base; path = Base.lproj/LaunchScreen.storyboard; sourceTree = "<group>"; };
		538EB09A20E409F400AAD2C3 /* Info.plist */ = {isa = PBXFileReference; lastKnownFileType = text.plist.xml; path = Info.plist; sourceTree = "<group>"; };
		538EB09B20E409F400AAD2C3 /* main.m */ = {isa = PBXFileReference; lastKnownFileType = sourcecode.c.objc; path = main.m; sourceTree = "<group>"; };
		538EB0A120E409F500AAD2C3 /* FlixsterTests.xctest */ = {isa = PBXFileReference; explicitFileType = wrapper.cfbundle; includeInIndex = 0; path = FlixsterTests.xctest; sourceTree = BUILT_PRODUCTS_DIR; };
		538EB0A520E409F500AAD2C3 /* FlixsterTests.m */ = {isa = PBXFileReference; lastKnownFileType = sourcecode.c.objc; path = FlixsterTests.m; sourceTree = "<group>"; };
		538EB0A720E409F500AAD2C3 /* Info.plist */ = {isa = PBXFileReference; lastKnownFileType = text.plist.xml; path = Info.plist; sourceTree = "<group>"; };
		538EB0AC20E409F500AAD2C3 /* FlixsterUITests.xctest */ = {isa = PBXFileReference; explicitFileType = wrapper.cfbundle; includeInIndex = 0; path = FlixsterUITests.xctest; sourceTree = BUILT_PRODUCTS_DIR; };
		538EB0B020E409F500AAD2C3 /* FlixsterUITests.m */ = {isa = PBXFileReference; lastKnownFileType = sourcecode.c.objc; path = FlixsterUITests.m; sourceTree = "<group>"; };
		538EB0B220E409F500AAD2C3 /* Info.plist */ = {isa = PBXFileReference; lastKnownFileType = text.plist.xml; path = Info.plist; sourceTree = "<group>"; };
		629E8491259917C7325221B4 /* Pods-FlixsterTests.release.xcconfig */ = {isa = PBXFileReference; includeInIndex = 1; lastKnownFileType = text.xcconfig; name = "Pods-FlixsterTests.release.xcconfig"; path = "Pods/Target Support Files/Pods-FlixsterTests/Pods-FlixsterTests.release.xcconfig"; sourceTree = "<group>"; };
		8213F87909A7585B00ADC715 /* libPods-Flixster.a */ = {isa = PBXFileReference; explicitFileType = archive.ar; includeInIndex = 0; path = "libPods-Flixster.a"; sourceTree = BUILT_PRODUCTS_DIR; };
		8C27AFA031993CCE88FA0ED0 /* Pods-FlixsterUITests.release.xcconfig */ = {isa = PBXFileReference; includeInIndex = 1; lastKnownFileType = text.xcconfig; name = "Pods-FlixsterUITests.release.xcconfig"; path = "Pods/Target Support Files/Pods-FlixsterUITests/Pods-FlixsterUITests.release.xcconfig"; sourceTree = "<group>"; };
		96420D866C675BBC99332C20 /* Pods-FlixsterUITests.debug.xcconfig */ = {isa = PBXFileReference; includeInIndex = 1; lastKnownFileType = text.xcconfig; name = "Pods-FlixsterUITests.debug.xcconfig"; path = "Pods/Target Support Files/Pods-FlixsterUITests/Pods-FlixsterUITests.debug.xcconfig"; sourceTree = "<group>"; };
		9D3B97F1E4FCA642AFF213A2 /* libPods-FlixsterUITests.a */ = {isa = PBXFileReference; explicitFileType = archive.ar; includeInIndex = 0; path = "libPods-FlixsterUITests.a"; sourceTree = BUILT_PRODUCTS_DIR; };
		D141EDC35615CE799F45388A /* Pods-Flixster.release.xcconfig */ = {isa = PBXFileReference; includeInIndex = 1; lastKnownFileType = text.xcconfig; name = "Pods-Flixster.release.xcconfig"; path = "Pods/Target Support Files/Pods-Flixster/Pods-Flixster.release.xcconfig"; sourceTree = "<group>"; };
		D5D9204F9B751393D7200737 /* Pods-Flixster.debug.xcconfig */ = {isa = PBXFileReference; includeInIndex = 1; lastKnownFileType = text.xcconfig; name = "Pods-Flixster.debug.xcconfig"; path = "Pods/Target Support Files/Pods-Flixster/Pods-Flixster.debug.xcconfig"; sourceTree = "<group>"; };
/* End PBXFileReference section */

/* Begin PBXFrameworksBuildPhase section */
		538EB08620E409F300AAD2C3 /* Frameworks */ = {
			isa = PBXFrameworksBuildPhase;
			buildActionMask = 2147483647;
			files = (
				3BC369D454BBA848B6EBDB44 /* libPods-Flixster.a in Frameworks */,
			);
			runOnlyForDeploymentPostprocessing = 0;
		};
		538EB09E20E409F500AAD2C3 /* Frameworks */ = {
			isa = PBXFrameworksBuildPhase;
			buildActionMask = 2147483647;
			files = (
				8AE56B983AAFED7410947D05 /* libPods-FlixsterTests.a in Frameworks */,
			);
			runOnlyForDeploymentPostprocessing = 0;
		};
		538EB0A920E409F500AAD2C3 /* Frameworks */ = {
			isa = PBXFrameworksBuildPhase;
			buildActionMask = 2147483647;
			files = (
				10239F3F95B21E175692700C /* libPods-FlixsterUITests.a in Frameworks */,
			);
			runOnlyForDeploymentPostprocessing = 0;
		};
/* End PBXFrameworksBuildPhase section */

/* Begin PBXGroup section */
		028C7A67739E891C36DF44D2 /* Pods */ = {
			isa = PBXGroup;
			children = (
				D5D9204F9B751393D7200737 /* Pods-Flixster.debug.xcconfig */,
				D141EDC35615CE799F45388A /* Pods-Flixster.release.xcconfig */,
				517EE43874B29A0444F49FB4 /* Pods-FlixsterTests.debug.xcconfig */,
				629E8491259917C7325221B4 /* Pods-FlixsterTests.release.xcconfig */,
				96420D866C675BBC99332C20 /* Pods-FlixsterUITests.debug.xcconfig */,
				8C27AFA031993CCE88FA0ED0 /* Pods-FlixsterUITests.release.xcconfig */,
			);
			name = Pods;
			sourceTree = "<group>";
		};
		2BD66D599B8DFB51B4B5F489 /* Frameworks */ = {
			isa = PBXGroup;
			children = (
				8213F87909A7585B00ADC715 /* libPods-Flixster.a */,
				1AFEDD2D0273574B238D0559 /* libPods-FlixsterTests.a */,
				9D3B97F1E4FCA642AFF213A2 /* libPods-FlixsterUITests.a */,
			);
			name = Frameworks;
			sourceTree = "<group>";
		};
		5354CEF420E4466A00326AD9 /* View Controllers */ = {
			isa = PBXGroup;
			children = (
				5354CEF120E4148100326AD9 /* MoviesViewController.h */,
				5354CEF220E4148100326AD9 /* MoviesViewController.m */,
				5354CEFA20E49F5600326AD9 /* DetailsViewController.h */,
				5354CEFB20E49F5600326AD9 /* DetailsViewController.m */,
				5354CEFD20E55B3A00326AD9 /* MoviesGridViewController.h */,
				5354CEFE20E55B3A00326AD9 /* MoviesGridViewController.m */,
				5354CF0320E5A01A00326AD9 /* TrailerViewController.h */,
				5354CF0420E5A01A00326AD9 /* TrailerViewController.m */,
				5354CF0620E6DC4A00326AD9 /* DisneyGridViewController.h */,
				5354CF0720E6DC4A00326AD9 /* DisneyGridViewController.m */,
			);
			path = "View Controllers";
			sourceTree = "<group>";
		};
		5354CEF520E4467400326AD9 /* Views */ = {
			isa = PBXGroup;
			children = (
				5354CEF720E45CA600326AD9 /* MovieCell.h */,
				5354CEF820E45CA600326AD9 /* MovieCell.m */,
				5354CF0020E55F1800326AD9 /* MovieCollectionCell.h */,
				5354CF0120E55F1800326AD9 /* MovieCollectionCell.m */,
				5354CF0C20E6E2FF00326AD9 /* DisneyCollectionCell.h */,
				5354CF0D20E6E2FF00326AD9 /* DisneyCollectionCell.m */,
			);
			path = Views;
			sourceTree = "<group>";
		};
		5354CEF620E4467C00326AD9 /* Models */ = {
			isa = PBXGroup;
			children = (
			);
			path = Models;
			sourceTree = "<group>";
		};
		538EB08020E409F300AAD2C3 = {
			isa = PBXGroup;
			children = (
				538EB08B20E409F300AAD2C3 /* Flixster */,
				538EB0A420E409F500AAD2C3 /* FlixsterTests */,
				538EB0AF20E409F500AAD2C3 /* FlixsterUITests */,
				538EB08A20E409F300AAD2C3 /* Products */,
				028C7A67739E891C36DF44D2 /* Pods */,
				2BD66D599B8DFB51B4B5F489 /* Frameworks */,
			);
			sourceTree = "<group>";
		};
		538EB08A20E409F300AAD2C3 /* Products */ = {
			isa = PBXGroup;
			children = (
				538EB08920E409F300AAD2C3 /* Flixster.app */,
				538EB0A120E409F500AAD2C3 /* FlixsterTests.xctest */,
				538EB0AC20E409F500AAD2C3 /* FlixsterUITests.xctest */,
			);
			name = Products;
			sourceTree = "<group>";
		};
		538EB08B20E409F300AAD2C3 /* Flixster */ = {
			isa = PBXGroup;
			children = (
				5354CEF620E4467C00326AD9 /* Models */,
				5354CEF520E4467400326AD9 /* Views */,
				5354CEF420E4466A00326AD9 /* View Controllers */,
				538EB08C20E409F300AAD2C3 /* AppDelegate.h */,
				538EB08D20E409F400AAD2C3 /* AppDelegate.m */,
				538EB09220E409F400AAD2C3 /* Main.storyboard */,
				538EB09520E409F400AAD2C3 /* Assets.xcassets */,
				538EB09720E409F400AAD2C3 /* LaunchScreen.storyboard */,
				538EB09A20E409F400AAD2C3 /* Info.plist */,
				538EB09B20E409F400AAD2C3 /* main.m */,
			);
			path = Flixster;
			sourceTree = "<group>";
		};
		538EB0A420E409F500AAD2C3 /* FlixsterTests */ = {
			isa = PBXGroup;
			children = (
				538EB0A520E409F500AAD2C3 /* FlixsterTests.m */,
				538EB0A720E409F500AAD2C3 /* Info.plist */,
			);
			path = FlixsterTests;
			sourceTree = "<group>";
		};
		538EB0AF20E409F500AAD2C3 /* FlixsterUITests */ = {
			isa = PBXGroup;
			children = (
				538EB0B020E409F500AAD2C3 /* FlixsterUITests.m */,
				538EB0B220E409F500AAD2C3 /* Info.plist */,
			);
			path = FlixsterUITests;
			sourceTree = "<group>";
		};
/* End PBXGroup section */

/* Begin PBXNativeTarget section */
		538EB08820E409F300AAD2C3 /* Flixster */ = {
			isa = PBXNativeTarget;
			buildConfigurationList = 538EB0B520E409F500AAD2C3 /* Build configuration list for PBXNativeTarget "Flixster" */;
			buildPhases = (
				369AC15900D6BA685E01847E /* [CP] Check Pods Manifest.lock */,
				538EB08520E409F300AAD2C3 /* Sources */,
				538EB08620E409F300AAD2C3 /* Frameworks */,
				538EB08720E409F300AAD2C3 /* Resources */,
			);
			buildRules = (
			);
			dependencies = (
			);
			name = Flixster;
			productName = Flixster;
			productReference = 538EB08920E409F300AAD2C3 /* Flixster.app */;
			productType = "com.apple.product-type.application";
		};
		538EB0A020E409F500AAD2C3 /* FlixsterTests */ = {
			isa = PBXNativeTarget;
			buildConfigurationList = 538EB0B820E409F500AAD2C3 /* Build configuration list for PBXNativeTarget "FlixsterTests" */;
			buildPhases = (
				265A26ECFA7A3C660B821034 /* [CP] Check Pods Manifest.lock */,
				538EB09D20E409F500AAD2C3 /* Sources */,
				538EB09E20E409F500AAD2C3 /* Frameworks */,
				538EB09F20E409F500AAD2C3 /* Resources */,
			);
			buildRules = (
			);
			dependencies = (
				538EB0A320E409F500AAD2C3 /* PBXTargetDependency */,
			);
			name = FlixsterTests;
			productName = FlixsterTests;
			productReference = 538EB0A120E409F500AAD2C3 /* FlixsterTests.xctest */;
			productType = "com.apple.product-type.bundle.unit-test";
		};
		538EB0AB20E409F500AAD2C3 /* FlixsterUITests */ = {
			isa = PBXNativeTarget;
			buildConfigurationList = 538EB0BB20E409F500AAD2C3 /* Build configuration list for PBXNativeTarget "FlixsterUITests" */;
			buildPhases = (
				12728EBC6E4ABA7B117D05DD /* [CP] Check Pods Manifest.lock */,
				538EB0A820E409F500AAD2C3 /* Sources */,
				538EB0A920E409F500AAD2C3 /* Frameworks */,
				538EB0AA20E409F500AAD2C3 /* Resources */,
			);
			buildRules = (
			);
			dependencies = (
				538EB0AE20E409F500AAD2C3 /* PBXTargetDependency */,
			);
			name = FlixsterUITests;
			productName = FlixsterUITests;
			productReference = 538EB0AC20E409F500AAD2C3 /* FlixsterUITests.xctest */;
			productType = "com.apple.product-type.bundle.ui-testing";
		};
/* End PBXNativeTarget section */

/* Begin PBXProject section */
		538EB08120E409F300AAD2C3 /* Project object */ = {
			isa = PBXProject;
			attributes = {
				LastUpgradeCheck = 0940;
				ORGANIZATIONNAME = "Hannah Hsu";
				TargetAttributes = {
					538EB08820E409F300AAD2C3 = {
						CreatedOnToolsVersion = 9.4.1;
					};
					538EB0A020E409F500AAD2C3 = {
						CreatedOnToolsVersion = 9.4.1;
						TestTargetID = 538EB08820E409F300AAD2C3;
					};
					538EB0AB20E409F500AAD2C3 = {
						CreatedOnToolsVersion = 9.4.1;
						TestTargetID = 538EB08820E409F300AAD2C3;
					};
				};
			};
			buildConfigurationList = 538EB08420E409F300AAD2C3 /* Build configuration list for PBXProject "Flixster" */;
			compatibilityVersion = "Xcode 9.3";
			developmentRegion = en;
			hasScannedForEncodings = 0;
			knownRegions = (
				en,
				Base,
			);
			mainGroup = 538EB08020E409F300AAD2C3;
			productRefGroup = 538EB08A20E409F300AAD2C3 /* Products */;
			projectDirPath = "";
			projectRoot = "";
			targets = (
				538EB08820E409F300AAD2C3 /* Flixster */,
				538EB0A020E409F500AAD2C3 /* FlixsterTests */,
				538EB0AB20E409F500AAD2C3 /* FlixsterUITests */,
			);
		};
/* End PBXProject section */

/* Begin PBXResourcesBuildPhase section */
		538EB08720E409F300AAD2C3 /* Resources */ = {
			isa = PBXResourcesBuildPhase;
			buildActionMask = 2147483647;
			files = (
				538EB09920E409F400AAD2C3 /* LaunchScreen.storyboard in Resources */,
				538EB09620E409F400AAD2C3 /* Assets.xcassets in Resources */,
				538EB09420E409F400AAD2C3 /* Main.storyboard in Resources */,
			);
			runOnlyForDeploymentPostprocessing = 0;
		};
		538EB09F20E409F500AAD2C3 /* Resources */ = {
			isa = PBXResourcesBuildPhase;
			buildActionMask = 2147483647;
			files = (
			);
			runOnlyForDeploymentPostprocessing = 0;
		};
		538EB0AA20E409F500AAD2C3 /* Resources */ = {
			isa = PBXResourcesBuildPhase;
			buildActionMask = 2147483647;
			files = (
			);
			runOnlyForDeploymentPostprocessing = 0;
		};
/* End PBXResourcesBuildPhase section */

/* Begin PBXShellScriptBuildPhase section */
		12728EBC6E4ABA7B117D05DD /* [CP] Check Pods Manifest.lock */ = {
			isa = PBXShellScriptBuildPhase;
			buildActionMask = 2147483647;
			files = (
			);
			inputPaths = (
				"${PODS_PODFILE_DIR_PATH}/Podfile.lock",
				"${PODS_ROOT}/Manifest.lock",
			);
			name = "[CP] Check Pods Manifest.lock";
			outputPaths = (
				"$(DERIVED_FILE_DIR)/Pods-FlixsterUITests-checkManifestLockResult.txt",
			);
			runOnlyForDeploymentPostprocessing = 0;
			shellPath = /bin/sh;
			shellScript = "diff \"${PODS_PODFILE_DIR_PATH}/Podfile.lock\" \"${PODS_ROOT}/Manifest.lock\" > /dev/null\nif [ $? != 0 ] ; then\n    # print error to STDERR\n    echo \"error: The sandbox is not in sync with the Podfile.lock. Run 'pod install' or update your CocoaPods installation.\" >&2\n    exit 1\nfi\n# This output is used by Xcode 'outputs' to avoid re-running this script phase.\necho \"SUCCESS\" > \"${SCRIPT_OUTPUT_FILE_0}\"\n";
			showEnvVarsInLog = 0;
		};
		265A26ECFA7A3C660B821034 /* [CP] Check Pods Manifest.lock */ = {
			isa = PBXShellScriptBuildPhase;
			buildActionMask = 2147483647;
			files = (
			);
			inputPaths = (
				"${PODS_PODFILE_DIR_PATH}/Podfile.lock",
				"${PODS_ROOT}/Manifest.lock",
			);
			name = "[CP] Check Pods Manifest.lock";
			outputPaths = (
				"$(DERIVED_FILE_DIR)/Pods-FlixsterTests-checkManifestLockResult.txt",
			);
			runOnlyForDeploymentPostprocessing = 0;
			shellPath = /bin/sh;
			shellScript = "diff \"${PODS_PODFILE_DIR_PATH}/Podfile.lock\" \"${PODS_ROOT}/Manifest.lock\" > /dev/null\nif [ $? != 0 ] ; then\n    # print error to STDERR\n    echo \"error: The sandbox is not in sync with the Podfile.lock. Run 'pod install' or update your CocoaPods installation.\" >&2\n    exit 1\nfi\n# This output is used by Xcode 'outputs' to avoid re-running this script phase.\necho \"SUCCESS\" > \"${SCRIPT_OUTPUT_FILE_0}\"\n";
			showEnvVarsInLog = 0;
		};
		369AC15900D6BA685E01847E /* [CP] Check Pods Manifest.lock */ = {
			isa = PBXShellScriptBuildPhase;
			buildActionMask = 2147483647;
			files = (
			);
			inputPaths = (
				"${PODS_PODFILE_DIR_PATH}/Podfile.lock",
				"${PODS_ROOT}/Manifest.lock",
			);
			name = "[CP] Check Pods Manifest.lock";
			outputPaths = (
				"$(DERIVED_FILE_DIR)/Pods-Flixster-checkManifestLockResult.txt",
			);
			runOnlyForDeploymentPostprocessing = 0;
			shellPath = /bin/sh;
			shellScript = "diff \"${PODS_PODFILE_DIR_PATH}/Podfile.lock\" \"${PODS_ROOT}/Manifest.lock\" > /dev/null\nif [ $? != 0 ] ; then\n    # print error to STDERR\n    echo \"error: The sandbox is not in sync with the Podfile.lock. Run 'pod install' or update your CocoaPods installation.\" >&2\n    exit 1\nfi\n# This output is used by Xcode 'outputs' to avoid re-running this script phase.\necho \"SUCCESS\" > \"${SCRIPT_OUTPUT_FILE_0}\"\n";
			showEnvVarsInLog = 0;
		};
/* End PBXShellScriptBuildPhase section */

/* Begin PBXSourcesBuildPhase section */
		538EB08520E409F300AAD2C3 /* Sources */ = {
			isa = PBXSourcesBuildPhase;
			buildActionMask = 2147483647;
			files = (
				538EB09C20E409F400AAD2C3 /* main.m in Sources */,
				5354CEFC20E49F5600326AD9 /* DetailsViewController.m in Sources */,
				538EB08E20E409F400AAD2C3 /* AppDelegate.m in Sources */,
				5354CF0220E55F1800326AD9 /* MovieCollectionCell.m in Sources */,
				5354CF0520E5A01A00326AD9 /* TrailerViewController.m in Sources */,
				5354CF0E20E6E2FF00326AD9 /* DisneyCollectionCell.m in Sources */,
				5354CEF920E45CA600326AD9 /* MovieCell.m in Sources */,
				5354CEF320E4148100326AD9 /* MoviesViewController.m in Sources */,
				5354CF0820E6DC4A00326AD9 /* DisneyGridViewController.m in Sources */,
				5354CEFF20E55B3A00326AD9 /* MoviesGridViewController.m in Sources */,
			);
			runOnlyForDeploymentPostprocessing = 0;
		};
		538EB09D20E409F500AAD2C3 /* Sources */ = {
			isa = PBXSourcesBuildPhase;
			buildActionMask = 2147483647;
			files = (
				538EB0A620E409F500AAD2C3 /* FlixsterTests.m in Sources */,
			);
			runOnlyForDeploymentPostprocessing = 0;
		};
		538EB0A820E409F500AAD2C3 /* Sources */ = {
			isa = PBXSourcesBuildPhase;
			buildActionMask = 2147483647;
			files = (
				538EB0B120E409F500AAD2C3 /* FlixsterUITests.m in Sources */,
			);
			runOnlyForDeploymentPostprocessing = 0;
		};
/* End PBXSourcesBuildPhase section */

/* Begin PBXTargetDependency section */
		538EB0A320E409F500AAD2C3 /* PBXTargetDependency */ = {
			isa = PBXTargetDependency;
			target = 538EB08820E409F300AAD2C3 /* Flixster */;
			targetProxy = 538EB0A220E409F500AAD2C3 /* PBXContainerItemProxy */;
		};
		538EB0AE20E409F500AAD2C3 /* PBXTargetDependency */ = {
			isa = PBXTargetDependency;
			target = 538EB08820E409F300AAD2C3 /* Flixster */;
			targetProxy = 538EB0AD20E409F500AAD2C3 /* PBXContainerItemProxy */;
		};
/* End PBXTargetDependency section */

/* Begin PBXVariantGroup section */
		538EB09220E409F400AAD2C3 /* Main.storyboard */ = {
			isa = PBXVariantGroup;
			children = (
				538EB09320E409F400AAD2C3 /* Base */,
			);
			name = Main.storyboard;
			sourceTree = "<group>";
		};
		538EB09720E409F400AAD2C3 /* LaunchScreen.storyboard */ = {
			isa = PBXVariantGroup;
			children = (
				538EB09820E409F400AAD2C3 /* Base */,
			);
			name = LaunchScreen.storyboard;
			sourceTree = "<group>";
		};
/* End PBXVariantGroup section */

/* Begin XCBuildConfiguration section */
		538EB0B320E409F500AAD2C3 /* Debug */ = {
			isa = XCBuildConfiguration;
			buildSettings = {
				ALWAYS_SEARCH_USER_PATHS = NO;
				CLANG_ANALYZER_NONNULL = YES;
				CLANG_ANALYZER_NUMBER_OBJECT_CONVERSION = YES_AGGRESSIVE;
				CLANG_CXX_LANGUAGE_STANDARD = "gnu++14";
				CLANG_CXX_LIBRARY = "libc++";
				CLANG_ENABLE_MODULES = YES;
				CLANG_ENABLE_OBJC_ARC = YES;
				CLANG_ENABLE_OBJC_WEAK = YES;
				CLANG_WARN_BLOCK_CAPTURE_AUTORELEASING = YES;
				CLANG_WARN_BOOL_CONVERSION = YES;
				CLANG_WARN_COMMA = YES;
				CLANG_WARN_CONSTANT_CONVERSION = YES;
				CLANG_WARN_DEPRECATED_OBJC_IMPLEMENTATIONS = YES;
				CLANG_WARN_DIRECT_OBJC_ISA_USAGE = YES_ERROR;
				CLANG_WARN_DOCUMENTATION_COMMENTS = YES;
				CLANG_WARN_EMPTY_BODY = YES;
				CLANG_WARN_ENUM_CONVERSION = YES;
				CLANG_WARN_INFINITE_RECURSION = YES;
				CLANG_WARN_INT_CONVERSION = YES;
				CLANG_WARN_NON_LITERAL_NULL_CONVERSION = YES;
				CLANG_WARN_OBJC_IMPLICIT_RETAIN_SELF = YES;
				CLANG_WARN_OBJC_LITERAL_CONVERSION = YES;
				CLANG_WARN_OBJC_ROOT_CLASS = YES_ERROR;
				CLANG_WARN_RANGE_LOOP_ANALYSIS = YES;
				CLANG_WARN_STRICT_PROTOTYPES = YES;
				CLANG_WARN_SUSPICIOUS_MOVE = YES;
				CLANG_WARN_UNGUARDED_AVAILABILITY = YES_AGGRESSIVE;
				CLANG_WARN_UNREACHABLE_CODE = YES;
				CLANG_WARN__DUPLICATE_METHOD_MATCH = YES;
				CODE_SIGN_IDENTITY = "iPhone Developer";
				COPY_PHASE_STRIP = NO;
				DEBUG_INFORMATION_FORMAT = dwarf;
				ENABLE_STRICT_OBJC_MSGSEND = YES;
				ENABLE_TESTABILITY = YES;
				GCC_C_LANGUAGE_STANDARD = gnu11;
				GCC_DYNAMIC_NO_PIC = NO;
				GCC_NO_COMMON_BLOCKS = YES;
				GCC_OPTIMIZATION_LEVEL = 0;
				GCC_PREPROCESSOR_DEFINITIONS = (
					"DEBUG=1",
					"$(inherited)",
				);
				GCC_WARN_64_TO_32_BIT_CONVERSION = YES;
				GCC_WARN_ABOUT_RETURN_TYPE = YES_ERROR;
				GCC_WARN_UNDECLARED_SELECTOR = YES;
				GCC_WARN_UNINITIALIZED_AUTOS = YES_AGGRESSIVE;
				GCC_WARN_UNUSED_FUNCTION = YES;
				GCC_WARN_UNUSED_VARIABLE = YES;
				IPHONEOS_DEPLOYMENT_TARGET = 11.4;
				MTL_ENABLE_DEBUG_INFO = YES;
				ONLY_ACTIVE_ARCH = YES;
				SDKROOT = iphoneos;
			};
			name = Debug;
		};
		538EB0B420E409F500AAD2C3 /* Release */ = {
			isa = XCBuildConfiguration;
			buildSettings = {
				ALWAYS_SEARCH_USER_PATHS = NO;
				CLANG_ANALYZER_NONNULL = YES;
				CLANG_ANALYZER_NUMBER_OBJECT_CONVERSION = YES_AGGRESSIVE;
				CLANG_CXX_LANGUAGE_STANDARD = "gnu++14";
				CLANG_CXX_LIBRARY = "libc++";
				CLANG_ENABLE_MODULES = YES;
				CLANG_ENABLE_OBJC_ARC = YES;
				CLANG_ENABLE_OBJC_WEAK = YES;
				CLANG_WARN_BLOCK_CAPTURE_AUTORELEASING = YES;
				CLANG_WARN_BOOL_CONVERSION = YES;
				CLANG_WARN_COMMA = YES;
				CLANG_WARN_CONSTANT_CONVERSION = YES;
				CLANG_WARN_DEPRECATED_OBJC_IMPLEMENTATIONS = YES;
				CLANG_WARN_DIRECT_OBJC_ISA_USAGE = YES_ERROR;
				CLANG_WARN_DOCUMENTATION_COMMENTS = YES;
				CLANG_WARN_EMPTY_BODY = YES;
				CLANG_WARN_ENUM_CONVERSION = YES;
				CLANG_WARN_INFINITE_RECURSION = YES;
				CLANG_WARN_INT_CONVERSION = YES;
				CLANG_WARN_NON_LITERAL_NULL_CONVERSION = YES;
				CLANG_WARN_OBJC_IMPLICIT_RETAIN_SELF = YES;
				CLANG_WARN_OBJC_LITERAL_CONVERSION = YES;
				CLANG_WARN_OBJC_ROOT_CLASS = YES_ERROR;
				CLANG_WARN_RANGE_LOOP_ANALYSIS = YES;
				CLANG_WARN_STRICT_PROTOTYPES = YES;
				CLANG_WARN_SUSPICIOUS_MOVE = YES;
				CLANG_WARN_UNGUARDED_AVAILABILITY = YES_AGGRESSIVE;
				CLANG_WARN_UNREACHABLE_CODE = YES;
				CLANG_WARN__DUPLICATE_METHOD_MATCH = YES;
				CODE_SIGN_IDENTITY = "iPhone Developer";
				COPY_PHASE_STRIP = NO;
				DEBUG_INFORMATION_FORMAT = "dwarf-with-dsym";
				ENABLE_NS_ASSERTIONS = NO;
				ENABLE_STRICT_OBJC_MSGSEND = YES;
				GCC_C_LANGUAGE_STANDARD = gnu11;
				GCC_NO_COMMON_BLOCKS = YES;
				GCC_WARN_64_TO_32_BIT_CONVERSION = YES;
				GCC_WARN_ABOUT_RETURN_TYPE = YES_ERROR;
				GCC_WARN_UNDECLARED_SELECTOR = YES;
				GCC_WARN_UNINITIALIZED_AUTOS = YES_AGGRESSIVE;
				GCC_WARN_UNUSED_FUNCTION = YES;
				GCC_WARN_UNUSED_VARIABLE = YES;
				IPHONEOS_DEPLOYMENT_TARGET = 11.4;
				MTL_ENABLE_DEBUG_INFO = NO;
				SDKROOT = iphoneos;
				VALIDATE_PRODUCT = YES;
			};
			name = Release;
		};
		538EB0B620E409F500AAD2C3 /* Debug */ = {
			isa = XCBuildConfiguration;
			baseConfigurationReference = D5D9204F9B751393D7200737 /* Pods-Flixster.debug.xcconfig */;
			buildSettings = {
				ASSETCATALOG_COMPILER_APPICON_NAME = AppIcon;
				CODE_SIGN_STYLE = Automatic;
				DEVELOPMENT_TEAM = 6RN4LVMY9S;
				INFOPLIST_FILE = Flixster/Info.plist;
				LD_RUNPATH_SEARCH_PATHS = (
					"$(inherited)",
					"@executable_path/Frameworks",
				);
				PRODUCT_BUNDLE_IDENTIFIER = com.hannahhsu977.Flixsterzz;
				PRODUCT_NAME = "$(TARGET_NAME)";
				TARGETED_DEVICE_FAMILY = "1,2";
			};
			name = Debug;
		};
		538EB0B720E409F500AAD2C3 /* Release */ = {
			isa = XCBuildConfiguration;
			baseConfigurationReference = D141EDC35615CE799F45388A /* Pods-Flixster.release.xcconfig */;
			buildSettings = {
				ASSETCATALOG_COMPILER_APPICON_NAME = AppIcon;
				CODE_SIGN_STYLE = Automatic;
				DEVELOPMENT_TEAM = 6RN4LVMY9S;
				INFOPLIST_FILE = Flixster/Info.plist;
				LD_RUNPATH_SEARCH_PATHS = (
					"$(inherited)",
					"@executable_path/Frameworks",
				);
				PRODUCT_BUNDLE_IDENTIFIER = com.hannahhsu977.Flixsterzz;
				PRODUCT_NAME = "$(TARGET_NAME)";
				TARGETED_DEVICE_FAMILY = "1,2";
			};
			name = Release;
		};
		538EB0B920E409F500AAD2C3 /* Debug */ = {
			isa = XCBuildConfiguration;
			baseConfigurationReference = 517EE43874B29A0444F49FB4 /* Pods-FlixsterTests.debug.xcconfig */;
			buildSettings = {
				BUNDLE_LOADER = "$(TEST_HOST)";
				CODE_SIGN_STYLE = Automatic;
				INFOPLIST_FILE = FlixsterTests/Info.plist;
				LD_RUNPATH_SEARCH_PATHS = (
					"$(inherited)",
					"@executable_path/Frameworks",
					"@loader_path/Frameworks",
				);
				PRODUCT_BUNDLE_IDENTIFIER = com.hannahhsu977.FlixsterTests;
				PRODUCT_NAME = "$(TARGET_NAME)";
				TARGETED_DEVICE_FAMILY = "1,2";
				TEST_HOST = "$(BUILT_PRODUCTS_DIR)/Flixster.app/Flixster";
			};
			name = Debug;
		};
		538EB0BA20E409F500AAD2C3 /* Release */ = {
			isa = XCBuildConfiguration;
			baseConfigurationReference = 629E8491259917C7325221B4 /* Pods-FlixsterTests.release.xcconfig */;
			buildSettings = {
				BUNDLE_LOADER = "$(TEST_HOST)";
				CODE_SIGN_STYLE = Automatic;
				INFOPLIST_FILE = FlixsterTests/Info.plist;
				LD_RUNPATH_SEARCH_PATHS = (
					"$(inherited)",
					"@executable_path/Frameworks",
					"@loader_path/Frameworks",
				);
				PRODUCT_BUNDLE_IDENTIFIER = com.hannahhsu977.FlixsterTests;
				PRODUCT_NAME = "$(TARGET_NAME)";
				TARGETED_DEVICE_FAMILY = "1,2";
				TEST_HOST = "$(BUILT_PRODUCTS_DIR)/Flixster.app/Flixster";
			};
			name = Release;
		};
		538EB0BC20E409F500AAD2C3 /* Debug */ = {
			isa = XCBuildConfiguration;
			baseConfigurationReference = 96420D866C675BBC99332C20 /* Pods-FlixsterUITests.debug.xcconfig */;
			buildSettings = {
				CODE_SIGN_STYLE = Automatic;
				INFOPLIST_FILE = FlixsterUITests/Info.plist;
				LD_RUNPATH_SEARCH_PATHS = (
					"$(inherited)",
					"@executable_path/Frameworks",
					"@loader_path/Frameworks",
				);
				PRODUCT_BUNDLE_IDENTIFIER = com.hannahhsu977.FlixsterUITests;
				PRODUCT_NAME = "$(TARGET_NAME)";
				TARGETED_DEVICE_FAMILY = "1,2";
				TEST_TARGET_NAME = Flixster;
			};
			name = Debug;
		};
		538EB0BD20E409F500AAD2C3 /* Release */ = {
			isa = XCBuildConfiguration;
			baseConfigurationReference = 8C27AFA031993CCE88FA0ED0 /* Pods-FlixsterUITests.release.xcconfig */;
			buildSettings = {
				CODE_SIGN_STYLE = Automatic;
				INFOPLIST_FILE = FlixsterUITests/Info.plist;
				LD_RUNPATH_SEARCH_PATHS = (
					"$(inherited)",
					"@executable_path/Frameworks",
					"@loader_path/Frameworks",
				);
				PRODUCT_BUNDLE_IDENTIFIER = com.hannahhsu977.FlixsterUITests;
				PRODUCT_NAME = "$(TARGET_NAME)";
				TARGETED_DEVICE_FAMILY = "1,2";
				TEST_TARGET_NAME = Flixster;
			};
			name = Release;
		};
/* End XCBuildConfiguration section */

/* Begin XCConfigurationList section */
		538EB08420E409F300AAD2C3 /* Build configuration list for PBXProject "Flixster" */ = {
			isa = XCConfigurationList;
			buildConfigurations = (
				538EB0B320E409F500AAD2C3 /* Debug */,
				538EB0B420E409F500AAD2C3 /* Release */,
			);
			defaultConfigurationIsVisible = 0;
			defaultConfigurationName = Release;
		};
		538EB0B520E409F500AAD2C3 /* Build configuration list for PBXNativeTarget "Flixster" */ = {
			isa = XCConfigurationList;
			buildConfigurations = (
				538EB0B620E409F500AAD2C3 /* Debug */,
				538EB0B720E409F500AAD2C3 /* Release */,
			);
			defaultConfigurationIsVisible = 0;
			defaultConfigurationName = Release;
		};
		538EB0B820E409F500AAD2C3 /* Build configuration list for PBXNativeTarget "FlixsterTests" */ = {
			isa = XCConfigurationList;
			buildConfigurations = (
				538EB0B920E409F500AAD2C3 /* Debug */,
				538EB0BA20E409F500AAD2C3 /* Release */,
			);
			defaultConfigurationIsVisible = 0;
			defaultConfigurationName = Release;
		};
		538EB0BB20E409F500AAD2C3 /* Build configuration list for PBXNativeTarget "FlixsterUITests" */ = {
			isa = XCConfigurationList;
			buildConfigurations = (
				538EB0BC20E409F500AAD2C3 /* Debug */,
				538EB0BD20E409F500AAD2C3 /* Release */,
			);
			defaultConfigurationIsVisible = 0;
			defaultConfigurationName = Release;
		};
/* End XCConfigurationList section */
	};
	rootObject = 538EB08120E409F300AAD2C3 /* Project object */;
}
